# This file is generated by running "yarn install" inside your project.
# Manual changes might be lost - proceed with caution!

__metadata:
  version: 4

"pinyarn@workspace:.":
  version: 0.0.0-use.local
  resolution: "pinyarn@workspace:."
  bin:
    pinyarn: bin/pinyarn
  languageName: unknown
  linkType: soft
